// !$*UTF8*$!
{
	archiveVersion = 1;
	classes = {
	};
	objectVersion = 46;
	objects = {

/* Begin PBXBuildFile section */
		68B0ED2B1A9E724E0059326B /* main.m in Sources */ = {isa = PBXBuildFile; fileRef = 68B0ED2A1A9E724E0059326B /* main.m */; };
		68B0ED2E1A9E724E0059326B /* AppDelegate.m in Sources */ = {isa = PBXBuildFile; fileRef = 68B0ED2D1A9E724E0059326B /* AppDelegate.m */; };
		68B0ED341A9E724E0059326B /* GameViewController.m in Sources */ = {isa = PBXBuildFile; fileRef = 68B0ED331A9E724E0059326B /* GameViewController.m */; };
		68B0ED371A9E724E0059326B /* Main.storyboard in Resources */ = {isa = PBXBuildFile; fileRef = 68B0ED351A9E724E0059326B /* Main.storyboard */; };
		68B0ED391A9E724E0059326B /* Images.xcassets in Resources */ = {isa = PBXBuildFile; fileRef = 68B0ED381A9E724E0059326B /* Images.xcassets */; };
		68B0ED3C1A9E724E0059326B /* LaunchScreen.xib in Resources */ = {isa = PBXBuildFile; fileRef = 68B0ED3A1A9E724E0059326B /* LaunchScreen.xib */; };
		68B0ED481A9E724E0059326B /* Score_KeeperTests.m in Sources */ = {isa = PBXBuildFile; fileRef = 68B0ED471A9E724E0059326B /* Score_KeeperTests.m */; };
		68B0ED531A9E74BE0059326B /* ScoreTableViewCell.m in Sources */ = {isa = PBXBuildFile; fileRef = 68B0ED521A9E74BE0059326B /* ScoreTableViewCell.m */; };
		68B0ED561A9E763D0059326B /* GameDetailViewDataSource.m in Sources */ = {isa = PBXBuildFile; fileRef = 68B0ED551A9E763D0059326B /* GameDetailViewDataSource.m */; };
		68B0ED591A9E780C0059326B /* GameDetailViewController.m in Sources */ = {isa = PBXBuildFile; fileRef = 68B0ED581A9E780C0059326B /* GameDetailViewController.m */; };
		68B0ED5C1A9E78890059326B /* GameTableViewDataSource.m in Sources */ = {isa = PBXBuildFile; fileRef = 68B0ED5B1A9E78890059326B /* GameTableViewDataSource.m */; };
		68B0ED5F1A9E79890059326B /* Stack.m in Sources */ = {isa = PBXBuildFile; fileRef = 68B0ED5E1A9E79890059326B /* Stack.m */; };
		68B0ED611A9E79B00059326B /* CoreData.framework in Frameworks */ = {isa = PBXBuildFile; fileRef = 68B0ED601A9E79B00059326B /* CoreData.framework */; };
		68C1BD271A9E7A12006BD4D3 /* GameController.m in Sources */ = {isa = PBXBuildFile; fileRef = 68C1BD261A9E7A12006BD4D3 /* GameController.m */; };
		68C1BD2A1A9E7ACA006BD4D3 /* Model.xcdatamodeld in Sources */ = {isa = PBXBuildFile; fileRef = 68C1BD281A9E7ACA006BD4D3 /* Model.xcdatamodeld */; };
		68C1BD2D1A9E7B5F006BD4D3 /* Player.m in Sources */ = {isa = PBXBuildFile; fileRef = 68C1BD2C1A9E7B5F006BD4D3 /* Player.m */; };
		68C1BD301A9E7B5F006BD4D3 /* Game.m in Sources */ = {isa = PBXBuildFile; fileRef = 68C1BD2F1A9E7B5F006BD4D3 /* Game.m */; };
/* End PBXBuildFile section */

/* Begin PBXContainerItemProxy section */
		68B0ED421A9E724E0059326B /* PBXContainerItemProxy */ = {
			isa = PBXContainerItemProxy;
			containerPortal = 68B0ED1D1A9E724E0059326B /* Project object */;
			proxyType = 1;
			remoteGlobalIDString = 68B0ED241A9E724E0059326B;
			remoteInfo = "Score-Keeper";
		};
/* End PBXContainerItemProxy section */

/* Begin PBXFileReference section */
		68B0ED251A9E724E0059326B /* Score-Keeper.app */ = {isa = PBXFileReference; explicitFileType = wrapper.application; includeInIndex = 0; path = "Score-Keeper.app"; sourceTree = BUILT_PRODUCTS_DIR; };
		68B0ED291A9E724E0059326B /* Info.plist */ = {isa = PBXFileReference; lastKnownFileType = text.plist.xml; path = Info.plist; sourceTree = "<group>"; };
		68B0ED2A1A9E724E0059326B /* main.m */ = {isa = PBXFileReference; lastKnownFileType = sourcecode.c.objc; path = main.m; sourceTree = "<group>"; };
		68B0ED2C1A9E724E0059326B /* AppDelegate.h */ = {isa = PBXFileReference; lastKnownFileType = sourcecode.c.h; path = AppDelegate.h; sourceTree = "<group>"; };
		68B0ED2D1A9E724E0059326B /* AppDelegate.m */ = {isa = PBXFileReference; lastKnownFileType = sourcecode.c.objc; path = AppDelegate.m; sourceTree = "<group>"; };
		68B0ED321A9E724E0059326B /* GameViewController.h */ = {isa = PBXFileReference; lastKnownFileType = sourcecode.c.h; path = GameViewController.h; sourceTree = "<group>"; };
		68B0ED331A9E724E0059326B /* GameViewController.m */ = {isa = PBXFileReference; lastKnownFileType = sourcecode.c.objc; path = GameViewController.m; sourceTree = "<group>"; };
		68B0ED361A9E724E0059326B /* Base */ = {isa = PBXFileReference; lastKnownFileType = file.storyboard; name = Base; path = Base.lproj/Main.storyboard; sourceTree = "<group>"; };
		68B0ED381A9E724E0059326B /* Images.xcassets */ = {isa = PBXFileReference; lastKnownFileType = folder.assetcatalog; path = Images.xcassets; sourceTree = "<group>"; };
		68B0ED3B1A9E724E0059326B /* Base */ = {isa = PBXFileReference; lastKnownFileType = file.xib; name = Base; path = Base.lproj/LaunchScreen.xib; sourceTree = "<group>"; };
		68B0ED411A9E724E0059326B /* Score-KeeperTests.xctest */ = {isa = PBXFileReference; explicitFileType = wrapper.cfbundle; includeInIndex = 0; path = "Score-KeeperTests.xctest"; sourceTree = BUILT_PRODUCTS_DIR; };
		68B0ED461A9E724E0059326B /* Info.plist */ = {isa = PBXFileReference; lastKnownFileType = text.plist.xml; path = Info.plist; sourceTree = "<group>"; };
		68B0ED471A9E724E0059326B /* Score_KeeperTests.m */ = {isa = PBXFileReference; lastKnownFileType = sourcecode.c.objc; path = Score_KeeperTests.m; sourceTree = "<group>"; };
		68B0ED511A9E74BE0059326B /* ScoreTableViewCell.h */ = {isa = PBXFileReference; fileEncoding = 4; lastKnownFileType = sourcecode.c.h; path = ScoreTableViewCell.h; sourceTree = "<group>"; };
		68B0ED521A9E74BE0059326B /* ScoreTableViewCell.m */ = {isa = PBXFileReference; fileEncoding = 4; lastKnownFileType = sourcecode.c.objc; path = ScoreTableViewCell.m; sourceTree = "<group>"; };
		68B0ED541A9E763D0059326B /* GameDetailViewDataSource.h */ = {isa = PBXFileReference; fileEncoding = 4; lastKnownFileType = sourcecode.c.h; path = GameDetailViewDataSource.h; sourceTree = "<group>"; };
		68B0ED551A9E763D0059326B /* GameDetailViewDataSource.m */ = {isa = PBXFileReference; fileEncoding = 4; lastKnownFileType = sourcecode.c.objc; path = GameDetailViewDataSource.m; sourceTree = "<group>"; };
		68B0ED571A9E780C0059326B /* GameDetailViewController.h */ = {isa = PBXFileReference; fileEncoding = 4; lastKnownFileType = sourcecode.c.h; path = GameDetailViewController.h; sourceTree = "<group>"; };
		68B0ED581A9E780C0059326B /* GameDetailViewController.m */ = {isa = PBXFileReference; fileEncoding = 4; lastKnownFileType = sourcecode.c.objc; path = GameDetailViewController.m; sourceTree = "<group>"; };
		68B0ED5A1A9E78890059326B /* GameTableViewDataSource.h */ = {isa = PBXFileReference; fileEncoding = 4; lastKnownFileType = sourcecode.c.h; path = GameTableViewDataSource.h; sourceTree = "<group>"; };
		68B0ED5B1A9E78890059326B /* GameTableViewDataSource.m */ = {isa = PBXFileReference; fileEncoding = 4; lastKnownFileType = sourcecode.c.objc; path = GameTableViewDataSource.m; sourceTree = "<group>"; };
		68B0ED5D1A9E79890059326B /* Stack.h */ = {isa = PBXFileReference; fileEncoding = 4; lastKnownFileType = sourcecode.c.h; path = Stack.h; sourceTree = "<group>"; };
		68B0ED5E1A9E79890059326B /* Stack.m */ = {isa = PBXFileReference; fileEncoding = 4; lastKnownFileType = sourcecode.c.objc; path = Stack.m; sourceTree = "<group>"; };
		68B0ED601A9E79B00059326B /* CoreData.framework */ = {isa = PBXFileReference; lastKnownFileType = wrapper.framework; name = CoreData.framework; path = System/Library/Frameworks/CoreData.framework; sourceTree = SDKROOT; };
		68C1BD251A9E7A12006BD4D3 /* GameController.h */ = {isa = PBXFileReference; fileEncoding = 4; lastKnownFileType = sourcecode.c.h; path = GameController.h; sourceTree = "<group>"; };
		68C1BD261A9E7A12006BD4D3 /* GameController.m */ = {isa = PBXFileReference; fileEncoding = 4; lastKnownFileType = sourcecode.c.objc; path = GameController.m; sourceTree = "<group>"; };
		68C1BD291A9E7ACA006BD4D3 /* Model.xcdatamodel */ = {isa = PBXFileReference; lastKnownFileType = wrapper.xcdatamodel; path = Model.xcdatamodel; sourceTree = "<group>"; };
		68C1BD2B1A9E7B5F006BD4D3 /* Player.h */ = {isa = PBXFileReference; fileEncoding = 4; lastKnownFileType = sourcecode.c.h; path = Player.h; sourceTree = "<group>"; };
		68C1BD2C1A9E7B5F006BD4D3 /* Player.m */ = {isa = PBXFileReference; fileEncoding = 4; lastKnownFileType = sourcecode.c.objc; path = Player.m; sourceTree = "<group>"; };
		68C1BD2E1A9E7B5F006BD4D3 /* Game.h */ = {isa = PBXFileReference; fileEncoding = 4; lastKnownFileType = sourcecode.c.h; path = Game.h; sourceTree = "<group>"; };
		68C1BD2F1A9E7B5F006BD4D3 /* Game.m */ = {isa = PBXFileReference; fileEncoding = 4; lastKnownFileType = sourcecode.c.objc; path = Game.m; sourceTree = "<group>"; };
/* End PBXFileReference section */

/* Begin PBXFrameworksBuildPhase section */
		68B0ED221A9E724E0059326B /* Frameworks */ = {
			isa = PBXFrameworksBuildPhase;
			buildActionMask = 2147483647;
			files = (
				68B0ED611A9E79B00059326B /* CoreData.framework in Frameworks */,
			);
			runOnlyForDeploymentPostprocessing = 0;
		};
		68B0ED3E1A9E724E0059326B /* Frameworks */ = {
			isa = PBXFrameworksBuildPhase;
			buildActionMask = 2147483647;
			files = (
			);
			runOnlyForDeploymentPostprocessing = 0;
		};
/* End PBXFrameworksBuildPhase section */

/* Begin PBXGroup section */
		68B0ED1C1A9E724E0059326B = {
			isa = PBXGroup;
			children = (
				68B0ED271A9E724E0059326B /* Score-Keeper */,
				68B0ED441A9E724E0059326B /* Score-KeeperTests */,
				68B0ED261A9E724E0059326B /* Products */,
			);
			sourceTree = "<group>";
		};
		68B0ED261A9E724E0059326B /* Products */ = {
			isa = PBXGroup;
			children = (
				68B0ED251A9E724E0059326B /* Score-Keeper.app */,
				68B0ED411A9E724E0059326B /* Score-KeeperTests.xctest */,
			);
			name = Products;
			sourceTree = "<group>";
		};
		68B0ED271A9E724E0059326B /* Score-Keeper */ = {
			isa = PBXGroup;
			children = (
				68B0ED2C1A9E724E0059326B /* AppDelegate.h */,
				68B0ED2D1A9E724E0059326B /* AppDelegate.m */,
				68C1BD311A9E7B6C006BD4D3 /* Model */,
				68C1BD321A9E7B76006BD4D3 /* Controllers */,
				68B0ED321A9E724E0059326B /* GameViewController.h */,
				68B0ED331A9E724E0059326B /* GameViewController.m */,
				68B0ED5A1A9E78890059326B /* GameTableViewDataSource.h */,
				68B0ED5B1A9E78890059326B /* GameTableViewDataSource.m */,
				68B0ED571A9E780C0059326B /* GameDetailViewController.h */,
				68B0ED581A9E780C0059326B /* GameDetailViewController.m */,
				68B0ED541A9E763D0059326B /* GameDetailViewDataSource.h */,
				68B0ED551A9E763D0059326B /* GameDetailViewDataSource.m */,
				68B0ED511A9E74BE0059326B /* ScoreTableViewCell.h */,
				68B0ED521A9E74BE0059326B /* ScoreTableViewCell.m */,
				68B0ED351A9E724E0059326B /* Main.storyboard */,
				68B0ED381A9E724E0059326B /* Images.xcassets */,
				68B0ED3A1A9E724E0059326B /* LaunchScreen.xib */,
				68B0ED281A9E724E0059326B /* Supporting Files */,
			);
			path = "Score-Keeper";
			sourceTree = "<group>";
		};
		68B0ED281A9E724E0059326B /* Supporting Files */ = {
			isa = PBXGroup;
			children = (
				68B0ED601A9E79B00059326B /* CoreData.framework */,
				68B0ED291A9E724E0059326B /* Info.plist */,
				68B0ED2A1A9E724E0059326B /* main.m */,
			);
			name = "Supporting Files";
			sourceTree = "<group>";
		};
		68B0ED441A9E724E0059326B /* Score-KeeperTests */ = {
			isa = PBXGroup;
			children = (
				68B0ED471A9E724E0059326B /* Score_KeeperTests.m */,
				68B0ED451A9E724E0059326B /* Supporting Files */,
			);
			path = "Score-KeeperTests";
			sourceTree = "<group>";
		};
		68B0ED451A9E724E0059326B /* Supporting Files */ = {
			isa = PBXGroup;
			children = (
				68B0ED461A9E724E0059326B /* Info.plist */,
			);
			name = "Supporting Files";
			sourceTree = "<group>";
		};
		68C1BD311A9E7B6C006BD4D3 /* Model */ = {
			isa = PBXGroup;
			children = (
				68C1BD281A9E7ACA006BD4D3 /* Model.xcdatamodeld */,
				68C1BD2E1A9E7B5F006BD4D3 /* Game.h */,
				68C1BD2F1A9E7B5F006BD4D3 /* Game.m */,
				68C1BD2B1A9E7B5F006BD4D3 /* Player.h */,
				68C1BD2C1A9E7B5F006BD4D3 /* Player.m */,
			);
			name = Model;
			sourceTree = "<group>";
		};
		68C1BD321A9E7B76006BD4D3 /* Controllers */ = {
			isa = PBXGroup;
			children = (
				68B0ED5D1A9E79890059326B /* Stack.h */,
				68B0ED5E1A9E79890059326B /* Stack.m */,
				68C1BD251A9E7A12006BD4D3 /* GameController.h */,
				68C1BD261A9E7A12006BD4D3 /* GameController.m */,
			);
			name = Controllers;
			sourceTree = "<group>";
		};
/* End PBXGroup section */

/* Begin PBXNativeTarget section */
		68B0ED241A9E724E0059326B /* Score-Keeper */ = {
			isa = PBXNativeTarget;
			buildConfigurationList = 68B0ED4B1A9E724E0059326B /* Build configuration list for PBXNativeTarget "Score-Keeper" */;
			buildPhases = (
				68B0ED211A9E724E0059326B /* Sources */,
				68B0ED221A9E724E0059326B /* Frameworks */,
				68B0ED231A9E724E0059326B /* Resources */,
			);
			buildRules = (
			);
			dependencies = (
			);
			name = "Score-Keeper";
			productName = "Score-Keeper";
			productReference = 68B0ED251A9E724E0059326B /* Score-Keeper.app */;
			productType = "com.apple.product-type.application";
		};
		68B0ED401A9E724E0059326B /* Score-KeeperTests */ = {
			isa = PBXNativeTarget;
			buildConfigurationList = 68B0ED4E1A9E724E0059326B /* Build configuration list for PBXNativeTarget "Score-KeeperTests" */;
			buildPhases = (
				68B0ED3D1A9E724E0059326B /* Sources */,
				68B0ED3E1A9E724E0059326B /* Frameworks */,
				68B0ED3F1A9E724E0059326B /* Resources */,
			);
			buildRules = (
			);
			dependencies = (
				68B0ED431A9E724E0059326B /* PBXTargetDependency */,
			);
			name = "Score-KeeperTests";
			productName = "Score-KeeperTests";
			productReference = 68B0ED411A9E724E0059326B /* Score-KeeperTests.xctest */;
			productType = "com.apple.product-type.bundle.unit-test";
		};
/* End PBXNativeTarget section */

/* Begin PBXProject section */
		68B0ED1D1A9E724E0059326B /* Project object */ = {
			isa = PBXProject;
			attributes = {
				LastUpgradeCheck = 0610;
				ORGANIZATIONNAME = DevMountain;
				TargetAttributes = {
					68B0ED241A9E724E0059326B = {
						CreatedOnToolsVersion = 6.1.1;
					};
					68B0ED401A9E724E0059326B = {
						CreatedOnToolsVersion = 6.1.1;
						TestTargetID = 68B0ED241A9E724E0059326B;
					};
				};
			};
			buildConfigurationList = 68B0ED201A9E724E0059326B /* Build configuration list for PBXProject "Score-Keeper" */;
			compatibilityVersion = "Xcode 3.2";
			developmentRegion = English;
			hasScannedForEncodings = 0;
			knownRegions = (
				en,
				Base,
			);
			mainGroup = 68B0ED1C1A9E724E0059326B;
			productRefGroup = 68B0ED261A9E724E0059326B /* Products */;
			projectDirPath = "";
			projectRoot = "";
			targets = (
				68B0ED241A9E724E0059326B /* Score-Keeper */,
				68B0ED401A9E724E0059326B /* Score-KeeperTests */,
			);
		};
/* End PBXProject section */

/* Begin PBXResourcesBuildPhase section */
		68B0ED231A9E724E0059326B /* Resources */ = {
			isa = PBXResourcesBuildPhase;
			buildActionMask = 2147483647;
			files = (
				68B0ED371A9E724E0059326B /* Main.storyboard in Resources */,
				68B0ED3C1A9E724E0059326B /* LaunchScreen.xib in Resources */,
				68B0ED391A9E724E0059326B /* Images.xcassets in Resources */,
			);
			runOnlyForDeploymentPostprocessing = 0;
		};
		68B0ED3F1A9E724E0059326B /* Resources */ = {
			isa = PBXResourcesBuildPhase;
			buildActionMask = 2147483647;
			files = (
			);
			runOnlyForDeploymentPostprocessing = 0;
		};
/* End PBXResourcesBuildPhase section */

/* Begin PBXSourcesBuildPhase section */
		68B0ED211A9E724E0059326B /* Sources */ = {
			isa = PBXSourcesBuildPhase;
			buildActionMask = 2147483647;
			files = (
				68B0ED5F1A9E79890059326B /* Stack.m in Sources */,
				68B0ED5C1A9E78890059326B /* GameTableViewDataSource.m in Sources */,
				68B0ED2E1A9E724E0059326B /* AppDelegate.m in Sources */,
				68C1BD301A9E7B5F006BD4D3 /* Game.m in Sources */,
				68B0ED531A9E74BE0059326B /* ScoreTableViewCell.m in Sources */,
				68B0ED341A9E724E0059326B /* GameViewController.m in Sources */,
				68B0ED591A9E780C0059326B /* GameDetailViewController.m in Sources */,
				68C1BD2D1A9E7B5F006BD4D3 /* Player.m in Sources */,
				68C1BD271A9E7A12006BD4D3 /* GameController.m in Sources */,
				68C1BD2A1A9E7ACA006BD4D3 /* Model.xcdatamodeld in Sources */,
				68B0ED2B1A9E724E0059326B /* main.m in Sources */,
				68B0ED561A9E763D0059326B /* GameDetailViewDataSource.m in Sources */,
			);
			runOnlyForDeploymentPostprocessing = 0;
		};
		68B0ED3D1A9E724E0059326B /* Sources */ = {
			isa = PBXSourcesBuildPhase;
			buildActionMask = 2147483647;
			files = (
				68B0ED481A9E724E0059326B /* Score_KeeperTests.m in Sources */,
			);
			runOnlyForDeploymentPostprocessing = 0;
		};
/* End PBXSourcesBuildPhase section */

/* Begin PBXTargetDependency section */
		68B0ED431A9E724E0059326B /* PBXTargetDependency */ = {
			isa = PBXTargetDependency;
			target = 68B0ED241A9E724E0059326B /* Score-Keeper */;
			targetProxy = 68B0ED421A9E724E0059326B /* PBXContainerItemProxy */;
		};
/* End PBXTargetDependency section */

/* Begin PBXVariantGroup section */
		68B0ED351A9E724E0059326B /* Main.storyboard */ = {
			isa = PBXVariantGroup;
			children = (
				68B0ED361A9E724E0059326B /* Base */,
			);
			name = Main.storyboard;
			sourceTree = "<group>";
		};
		68B0ED3A1A9E724E0059326B /* LaunchScreen.xib */ = {
			isa = PBXVariantGroup;
			children = (
				68B0ED3B1A9E724E0059326B /* Base */,
			);
			name = LaunchScreen.xib;
			sourceTree = "<group>";
		};
/* End PBXVariantGroup section */

/* Begin XCBuildConfiguration section */
		68B0ED491A9E724E0059326B /* Debug */ = {
			isa = XCBuildConfiguration;
			buildSettings = {
				ALWAYS_SEARCH_USER_PATHS = NO;
				CLANG_CXX_LANGUAGE_STANDARD = "gnu++0x";
				CLANG_CXX_LIBRARY = "libc++";
				CLANG_ENABLE_MODULES = YES;
				CLANG_ENABLE_OBJC_ARC = YES;
				CLANG_WARN_BOOL_CONVERSION = YES;
				CLANG_WARN_CONSTANT_CONVERSION = YES;
				CLANG_WARN_DIRECT_OBJC_ISA_USAGE = YES_ERROR;
				CLANG_WARN_EMPTY_BODY = YES;
				CLANG_WARN_ENUM_CONVERSION = YES;
				CLANG_WARN_INT_CONVERSION = YES;
				CLANG_WARN_OBJC_ROOT_CLASS = YES_ERROR;
				CLANG_WARN_UNREACHABLE_CODE = YES;
				CLANG_WARN__DUPLICATE_METHOD_MATCH = YES;
				"CODE_SIGN_IDENTITY[sdk=iphoneos*]" = "iPhone Developer";
				COPY_PHASE_STRIP = NO;
				ENABLE_STRICT_OBJC_MSGSEND = YES;
				GCC_C_LANGUAGE_STANDARD = gnu99;
				GCC_DYNAMIC_NO_PIC = NO;
				GCC_OPTIMIZATION_LEVEL = 0;
				GCC_PREPROCESSOR_DEFINITIONS = (
					"DEBUG=1",
					"$(inherited)",
				);
				GCC_SYMBOLS_PRIVATE_EXTERN = NO;
				GCC_WARN_64_TO_32_BIT_CONVERSION = YES;
				GCC_WARN_ABOUT_RETURN_TYPE = YES_ERROR;
				GCC_WARN_UNDECLARED_SELECTOR = YES;
				GCC_WARN_UNINITIALIZED_AUTOS = YES_AGGRESSIVE;
				GCC_WARN_UNUSED_FUNCTION = YES;
				GCC_WARN_UNUSED_VARIABLE = YES;
				IPHONEOS_DEPLOYMENT_TARGET = 8.1;
				MTL_ENABLE_DEBUG_INFO = YES;
				ONLY_ACTIVE_ARCH = YES;
				SDKROOT = iphoneos;
			};
			name = Debug;
		};
		68B0ED4A1A9E724E0059326B /* Release */ = {
			isa = XCBuildConfiguration;
			buildSettings = {
				ALWAYS_SEARCH_USER_PATHS = NO;
				CLANG_CXX_LANGUAGE_STANDARD = "gnu++0x";
				CLANG_CXX_LIBRARY = "libc++";
				CLANG_ENABLE_MODULES = YES;
				CLANG_ENABLE_OBJC_ARC = YES;
				CLANG_WARN_BOOL_CONVERSION = YES;
				CLANG_WARN_CONSTANT_CONVERSION = YES;
				CLANG_WARN_DIRECT_OBJC_ISA_USAGE = YES_ERROR;
				CLANG_WARN_EMPTY_BODY = YES;
				CLANG_WARN_ENUM_CONVERSION = YES;
				CLANG_WARN_INT_CONVERSION = YES;
				CLANG_WARN_OBJC_ROOT_CLASS = YES_ERROR;
				CLANG_WARN_UNREACHABLE_CODE = YES;
				CLANG_WARN__DUPLICATE_METHOD_MATCH = YES;
				"CODE_SIGN_IDENTITY[sdk=iphoneos*]" = "iPhone Developer";
				COPY_PHASE_STRIP = YES;
				ENABLE_NS_ASSERTIONS = NO;
				ENABLE_STRICT_OBJC_MSGSEND = YES;
				GCC_C_LANGUAGE_STANDARD = gnu99;
				GCC_WARN_64_TO_32_BIT_CONVERSION = YES;
				GCC_WARN_ABOUT_RETURN_TYPE = YES_ERROR;
				GCC_WARN_UNDECLARED_SELECTOR = YES;
				GCC_WARN_UNINITIALIZED_AUTOS = YES_AGGRESSIVE;
				GCC_WARN_UNUSED_FUNCTION = YES;
				GCC_WARN_UNUSED_VARIABLE = YES;
				IPHONEOS_DEPLOYMENT_TARGET = 8.1;
				MTL_ENABLE_DEBUG_INFO = NO;
				SDKROOT = iphoneos;
				VALIDATE_PRODUCT = YES;
			};
			name = Release;
		};
		68B0ED4C1A9E724E0059326B /* Debug */ = {
			isa = XCBuildConfiguration;
			buildSettings = {
				ASSETCATALOG_COMPILER_APPICON_NAME = AppIcon;
				INFOPLIST_FILE = "Score-Keeper/Info.plist";
				LD_RUNPATH_SEARCH_PATHS = "$(inherited) @executable_path/Frameworks";
				PRODUCT_NAME = "$(TARGET_NAME)";
			};
			name = Debug;
		};
		68B0ED4D1A9E724E0059326B /* Release */ = {
			isa = XCBuildConfiguration;
			buildSettings = {
				ASSETCATALOG_COMPILER_APPICON_NAME = AppIcon;
				INFOPLIST_FILE = "Score-Keeper/Info.plist";
				LD_RUNPATH_SEARCH_PATHS = "$(inherited) @executable_path/Frameworks";
				PRODUCT_NAME = "$(TARGET_NAME)";
			};
			name = Release;
		};
		68B0ED4F1A9E724E0059326B /* Debug */ = {
			isa = XCBuildConfiguration;
			buildSettings = {
				BUNDLE_LOADER = "$(TEST_HOST)";
				FRAMEWORK_SEARCH_PATHS = (
					"$(SDKROOT)/Developer/Library/Frameworks",
					"$(inherited)",
				);
				GCC_PREPROCESSOR_DEFINITIONS = (
					"DEBUG=1",
					"$(inherited)",
				);
				INFOPLIST_FILE = "Score-KeeperTests/Info.plist";
				LD_RUNPATH_SEARCH_PATHS = "$(inherited) @executable_path/Frameworks @loader_path/Frameworks";
				PRODUCT_NAME = "$(TARGET_NAME)";
				TEST_HOST = "$(BUILT_PRODUCTS_DIR)/Score-Keeper.app/Score-Keeper";
			};
			name = Debug;
		};
		68B0ED501A9E724E0059326B /* Release */ = {
			isa = XCBuildConfiguration;
			buildSettings = {
				BUNDLE_LOADER = "$(TEST_HOST)";
				FRAMEWORK_SEARCH_PATHS = (
					"$(SDKROOT)/Developer/Library/Frameworks",
					"$(inherited)",
				);
				INFOPLIST_FILE = "Score-KeeperTests/Info.plist";
				LD_RUNPATH_SEARCH_PATHS = "$(inherited) @executable_path/Frameworks @loader_path/Frameworks";
				PRODUCT_NAME = "$(TARGET_NAME)";
				TEST_HOST = "$(BUILT_PRODUCTS_DIR)/Score-Keeper.app/Score-Keeper";
			};
			name = Release;
		};
/* End XCBuildConfiguration section */

/* Begin XCConfigurationList section */
		68B0ED201A9E724E0059326B /* Build configuration list for PBXProject "Score-Keeper" */ = {
			isa = XCConfigurationList;
			buildConfigurations = (
				68B0ED491A9E724E0059326B /* Debug */,
				68B0ED4A1A9E724E0059326B /* Release */,
			);
			defaultConfigurationIsVisible = 0;
			defaultConfigurationName = Release;
		};
		68B0ED4B1A9E724E0059326B /* Build configuration list for PBXNativeTarget "Score-Keeper" */ = {
			isa = XCConfigurationList;
			buildConfigurations = (
				68B0ED4C1A9E724E0059326B /* Debug */,
				68B0ED4D1A9E724E0059326B /* Release */,
			);
			defaultConfigurationIsVisible = 0;
			defaultConfigurationName = Release;
		};
		68B0ED4E1A9E724E0059326B /* Build configuration list for PBXNativeTarget "Score-KeeperTests" */ = {
			isa = XCConfigurationList;
			buildConfigurations = (
				68B0ED4F1A9E724E0059326B /* Debug */,
				68B0ED501A9E724E0059326B /* Release */,
			);
			defaultConfigurationIsVisible = 0;
			defaultConfigurationName = Release;
		};
/* End XCConfigurationList section */

/* Begin XCVersionGroup section */
		68C1BD281A9E7ACA006BD4D3 /* Model.xcdatamodeld */ = {
			isa = XCVersionGroup;
			children = (
				68C1BD291A9E7ACA006BD4D3 /* Model.xcdatamodel */,
			);
			currentVersion = 68C1BD291A9E7ACA006BD4D3 /* Model.xcdatamodel */;
			path = Model.xcdatamodeld;
			sourceTree = "<group>";
			versionGroupType = wrapper.xcdatamodel;
		};
/* End XCVersionGroup section */
	};
	rootObject = 68B0ED1D1A9E724E0059326B /* Project object */;
}
