// !$*UTF8*$!
{
	archiveVersion = 1;
	classes = {
	};
	objectVersion = 46;
	objects = {

/* Begin PBXBuildFile section */
		71DEBF141924955A0032F31F /* Foundation.framework in Frameworks */ = {isa = PBXBuildFile; fileRef = 71DEBF131924955A0032F31F /* Foundation.framework */; };
		71DEBF161924955A0032F31F /* CoreGraphics.framework in Frameworks */ = {isa = PBXBuildFile; fileRef = 71DEBF151924955A0032F31F /* CoreGraphics.framework */; };
		71DEBF181924955A0032F31F /* UIKit.framework in Frameworks */ = {isa = PBXBuildFile; fileRef = 71DEBF171924955A0032F31F /* UIKit.framework */; };
		71DEBF1E1924955A0032F31F /* InfoPlist.strings in Resources */ = {isa = PBXBuildFile; fileRef = 71DEBF1C1924955A0032F31F /* InfoPlist.strings */; };
		71DEBF201924955A0032F31F /* main.m in Sources */ = {isa = PBXBuildFile; fileRef = 71DEBF1F1924955A0032F31F /* main.m */; };
		71DEBF241924955A0032F31F /* SKAppDelegate.m in Sources */ = {isa = PBXBuildFile; fileRef = 71DEBF231924955A0032F31F /* SKAppDelegate.m */; };
		71DEBF261924955A0032F31F /* Images.xcassets in Resources */ = {isa = PBXBuildFile; fileRef = 71DEBF251924955A0032F31F /* Images.xcassets */; };
		71DEBF2D1924955A0032F31F /* XCTest.framework in Frameworks */ = {isa = PBXBuildFile; fileRef = 71DEBF2C1924955A0032F31F /* XCTest.framework */; };
		71DEBF2E1924955A0032F31F /* Foundation.framework in Frameworks */ = {isa = PBXBuildFile; fileRef = 71DEBF131924955A0032F31F /* Foundation.framework */; };
		71DEBF2F1924955A0032F31F /* UIKit.framework in Frameworks */ = {isa = PBXBuildFile; fileRef = 71DEBF171924955A0032F31F /* UIKit.framework */; };
		71DEBF371924955A0032F31F /* InfoPlist.strings in Resources */ = {isa = PBXBuildFile; fileRef = 71DEBF351924955A0032F31F /* InfoPlist.strings */; };
		71DEBF391924955A0032F31F /* Score_KeeperTests.m in Sources */ = {isa = PBXBuildFile; fileRef = 71DEBF381924955A0032F31F /* Score_KeeperTests.m */; };
/* End PBXBuildFile section */

/* Begin PBXContainerItemProxy section */
		71DEBF301924955A0032F31F /* PBXContainerItemProxy */ = {
			isa = PBXContainerItemProxy;
			containerPortal = 71DEBF081924955A0032F31F /* Project object */;
			proxyType = 1;
			remoteGlobalIDString = 71DEBF0F1924955A0032F31F;
			remoteInfo = "Score Keeper";
		};
/* End PBXContainerItemProxy section */

/* Begin PBXFileReference section */
		71DEBF101924955A0032F31F /* Score Keeper.app */ = {isa = PBXFileReference; explicitFileType = wrapper.application; includeInIndex = 0; path = "Score Keeper.app"; sourceTree = BUILT_PRODUCTS_DIR; };
		71DEBF131924955A0032F31F /* Foundation.framework */ = {isa = PBXFileReference; lastKnownFileType = wrapper.framework; name = Foundation.framework; path = System/Library/Frameworks/Foundation.framework; sourceTree = SDKROOT; };
		71DEBF151924955A0032F31F /* CoreGraphics.framework */ = {isa = PBXFileReference; lastKnownFileType = wrapper.framework; name = CoreGraphics.framework; path = System/Library/Frameworks/CoreGraphics.framework; sourceTree = SDKROOT; };
		71DEBF171924955A0032F31F /* UIKit.framework */ = {isa = PBXFileReference; lastKnownFileType = wrapper.framework; name = UIKit.framework; path = System/Library/Frameworks/UIKit.framework; sourceTree = SDKROOT; };
		71DEBF1B1924955A0032F31F /* Score Keeper-Info.plist */ = {isa = PBXFileReference; lastKnownFileType = text.plist.xml; path = "Score Keeper-Info.plist"; sourceTree = "<group>"; };
		71DEBF1D1924955A0032F31F /* en */ = {isa = PBXFileReference; lastKnownFileType = text.plist.strings; name = en; path = en.lproj/InfoPlist.strings; sourceTree = "<group>"; };
		71DEBF1F1924955A0032F31F /* main.m */ = {isa = PBXFileReference; lastKnownFileType = sourcecode.c.objc; path = main.m; sourceTree = "<group>"; };
		71DEBF211924955A0032F31F /* Score Keeper-Prefix.pch */ = {isa = PBXFileReference; lastKnownFileType = sourcecode.c.h; path = "Score Keeper-Prefix.pch"; sourceTree = "<group>"; };
		71DEBF221924955A0032F31F /* SKAppDelegate.h */ = {isa = PBXFileReference; lastKnownFileType = sourcecode.c.h; path = SKAppDelegate.h; sourceTree = "<group>"; };
		71DEBF231924955A0032F31F /* SKAppDelegate.m */ = {isa = PBXFileReference; lastKnownFileType = sourcecode.c.objc; path = SKAppDelegate.m; sourceTree = "<group>"; };
		71DEBF251924955A0032F31F /* Images.xcassets */ = {isa = PBXFileReference; lastKnownFileType = folder.assetcatalog; path = Images.xcassets; sourceTree = "<group>"; };
		71DEBF2B1924955A0032F31F /* Score KeeperTests.xctest */ = {isa = PBXFileReference; explicitFileType = wrapper.cfbundle; includeInIndex = 0; path = "Score KeeperTests.xctest"; sourceTree = BUILT_PRODUCTS_DIR; };
		71DEBF2C1924955A0032F31F /* XCTest.framework */ = {isa = PBXFileReference; lastKnownFileType = wrapper.framework; name = XCTest.framework; path = Library/Frameworks/XCTest.framework; sourceTree = DEVELOPER_DIR; };
		71DEBF341924955A0032F31F /* Score KeeperTests-Info.plist */ = {isa = PBXFileReference; lastKnownFileType = text.plist.xml; path = "Score KeeperTests-Info.plist"; sourceTree = "<group>"; };
		71DEBF361924955A0032F31F /* en */ = {isa = PBXFileReference; lastKnownFileType = text.plist.strings; name = en; path = en.lproj/InfoPlist.strings; sourceTree = "<group>"; };
		71DEBF381924955A0032F31F /* Score_KeeperTests.m */ = {isa = PBXFileReference; lastKnownFileType = sourcecode.c.objc; path = Score_KeeperTests.m; sourceTree = "<group>"; };
/* End PBXFileReference section */

/* Begin PBXFrameworksBuildPhase section */
		71DEBF0D1924955A0032F31F /* Frameworks */ = {
			isa = PBXFrameworksBuildPhase;
			buildActionMask = 2147483647;
			files = (
				71DEBF161924955A0032F31F /* CoreGraphics.framework in Frameworks */,
				71DEBF181924955A0032F31F /* UIKit.framework in Frameworks */,
				71DEBF141924955A0032F31F /* Foundation.framework in Frameworks */,
			);
			runOnlyForDeploymentPostprocessing = 0;
		};
		71DEBF281924955A0032F31F /* Frameworks */ = {
			isa = PBXFrameworksBuildPhase;
			buildActionMask = 2147483647;
			files = (
				71DEBF2D1924955A0032F31F /* XCTest.framework in Frameworks */,
				71DEBF2F1924955A0032F31F /* UIKit.framework in Frameworks */,
				71DEBF2E1924955A0032F31F /* Foundation.framework in Frameworks */,
			);
			runOnlyForDeploymentPostprocessing = 0;
		};
/* End PBXFrameworksBuildPhase section */

/* Begin PBXGroup section */
		71DEBF071924955A0032F31F = {
			isa = PBXGroup;
			children = (
				71DEBF191924955A0032F31F /* Score Keeper */,
				71DEBF321924955A0032F31F /* Score KeeperTests */,
				71DEBF121924955A0032F31F /* Frameworks */,
				71DEBF111924955A0032F31F /* Products */,
			);
			sourceTree = "<group>";
		};
		71DEBF111924955A0032F31F /* Products */ = {
			isa = PBXGroup;
			children = (
				71DEBF101924955A0032F31F /* Score Keeper.app */,
				71DEBF2B1924955A0032F31F /* Score KeeperTests.xctest */,
			);
			name = Products;
			sourceTree = "<group>";
		};
		71DEBF121924955A0032F31F /* Frameworks */ = {
			isa = PBXGroup;
			children = (
				71DEBF131924955A0032F31F /* Foundation.framework */,
				71DEBF151924955A0032F31F /* CoreGraphics.framework */,
				71DEBF171924955A0032F31F /* UIKit.framework */,
				71DEBF2C1924955A0032F31F /* XCTest.framework */,
			);
			name = Frameworks;
			sourceTree = "<group>";
		};
		71DEBF191924955A0032F31F /* Score Keeper */ = {
			isa = PBXGroup;
			children = (
				71DEBF221924955A0032F31F /* SKAppDelegate.h */,
				71DEBF231924955A0032F31F /* SKAppDelegate.m */,
				71DEBF251924955A0032F31F /* Images.xcassets */,
				71DEBF1A1924955A0032F31F /* Supporting Files */,
			);
			path = "Score Keeper";
			sourceTree = "<group>";
		};
		71DEBF1A1924955A0032F31F /* Supporting Files */ = {
			isa = PBXGroup;
			children = (
				71DEBF1B1924955A0032F31F /* Score Keeper-Info.plist */,
				71DEBF1C1924955A0032F31F /* InfoPlist.strings */,
				71DEBF1F1924955A0032F31F /* main.m */,
				71DEBF211924955A0032F31F /* Score Keeper-Prefix.pch */,
			);
			name = "Supporting Files";
			sourceTree = "<group>";
		};
		71DEBF321924955A0032F31F /* Score KeeperTests */ = {
			isa = PBXGroup;
			children = (
				71DEBF381924955A0032F31F /* Score_KeeperTests.m */,
				71DEBF331924955A0032F31F /* Supporting Files */,
			);
			path = "Score KeeperTests";
			sourceTree = "<group>";
		};
		71DEBF331924955A0032F31F /* Supporting Files */ = {
			isa = PBXGroup;
			children = (
				71DEBF341924955A0032F31F /* Score KeeperTests-Info.plist */,
				71DEBF351924955A0032F31F /* InfoPlist.strings */,
			);
			name = "Supporting Files";
			sourceTree = "<group>";
		};
/* End PBXGroup section */

/* Begin PBXNativeTarget section */
		71DEBF0F1924955A0032F31F /* Score Keeper */ = {
			isa = PBXNativeTarget;
			buildConfigurationList = 71DEBF3C1924955A0032F31F /* Build configuration list for PBXNativeTarget "Score Keeper" */;
			buildPhases = (
				71DEBF0C1924955A0032F31F /* Sources */,
				71DEBF0D1924955A0032F31F /* Frameworks */,
				71DEBF0E1924955A0032F31F /* Resources */,
			);
			buildRules = (
			);
			dependencies = (
			);
			name = "Score Keeper";
			productName = "Score Keeper";
			productReference = 71DEBF101924955A0032F31F /* Score Keeper.app */;
			productType = "com.apple.product-type.application";
		};
		71DEBF2A1924955A0032F31F /* Score KeeperTests */ = {
			isa = PBXNativeTarget;
			buildConfigurationList = 71DEBF3F1924955A0032F31F /* Build configuration list for PBXNativeTarget "Score KeeperTests" */;
			buildPhases = (
				71DEBF271924955A0032F31F /* Sources */,
				71DEBF281924955A0032F31F /* Frameworks */,
				71DEBF291924955A0032F31F /* Resources */,
			);
			buildRules = (
			);
			dependencies = (
				71DEBF311924955A0032F31F /* PBXTargetDependency */,
			);
			name = "Score KeeperTests";
			productName = "Score KeeperTests";
			productReference = 71DEBF2B1924955A0032F31F /* Score KeeperTests.xctest */;
			productType = "com.apple.product-type.bundle.unit-test";
		};
/* End PBXNativeTarget section */

/* Begin PBXProject section */
		71DEBF081924955A0032F31F /* Project object */ = {
			isa = PBXProject;
			attributes = {
				CLASSPREFIX = SK;
				LastUpgradeCheck = 0510;
				ORGANIZATIONNAME = DevMountain;
				TargetAttributes = {
					71DEBF2A1924955A0032F31F = {
						TestTargetID = 71DEBF0F1924955A0032F31F;
					};
				};
			};
			buildConfigurationList = 71DEBF0B1924955A0032F31F /* Build configuration list for PBXProject "Score Keeper" */;
			compatibilityVersion = "Xcode 3.2";
			developmentRegion = English;
			hasScannedForEncodings = 0;
			knownRegions = (
				en,
			);
			mainGroup = 71DEBF071924955A0032F31F;
			productRefGroup = 71DEBF111924955A0032F31F /* Products */;
			projectDirPath = "";
			projectRoot = "";
			targets = (
				71DEBF0F1924955A0032F31F /* Score Keeper */,
				71DEBF2A1924955A0032F31F /* Score KeeperTests */,
			);
		};
/* End PBXProject section */

/* Begin PBXResourcesBuildPhase section */
		71DEBF0E1924955A0032F31F /* Resources */ = {
			isa = PBXResourcesBuildPhase;
			buildActionMask = 2147483647;
			files = (
				71DEBF1E1924955A0032F31F /* InfoPlist.strings in Resources */,
				71DEBF261924955A0032F31F /* Images.xcassets in Resources */,
			);
			runOnlyForDeploymentPostprocessing = 0;
		};
		71DEBF291924955A0032F31F /* Resources */ = {
			isa = PBXResourcesBuildPhase;
			buildActionMask = 2147483647;
			files = (
				71DEBF371924955A0032F31F /* InfoPlist.strings in Resources */,
			);
			runOnlyForDeploymentPostprocessing = 0;
		};
/* End PBXResourcesBuildPhase section */

/* Begin PBXSourcesBuildPhase section */
		71DEBF0C1924955A0032F31F /* Sources */ = {
			isa = PBXSourcesBuildPhase;
			buildActionMask = 2147483647;
			files = (
				71DEBF241924955A0032F31F /* SKAppDelegate.m in Sources */,
				71DEBF201924955A0032F31F /* main.m in Sources */,
			);
			runOnlyForDeploymentPostprocessing = 0;
		};
		71DEBF271924955A0032F31F /* Sources */ = {
			isa = PBXSourcesBuildPhase;
			buildActionMask = 2147483647;
			files = (
				71DEBF391924955A0032F31F /* Score_KeeperTests.m in Sources */,
			);
			runOnlyForDeploymentPostprocessing = 0;
		};
/* End PBXSourcesBuildPhase section */

/* Begin PBXTargetDependency section */
		71DEBF311924955A0032F31F /* PBXTargetDependency */ = {
			isa = PBXTargetDependency;
			target = 71DEBF0F1924955A0032F31F /* Score Keeper */;
			targetProxy = 71DEBF301924955A0032F31F /* PBXContainerItemProxy */;
		};
/* End PBXTargetDependency section */

/* Begin PBXVariantGroup section */
		71DEBF1C1924955A0032F31F /* InfoPlist.strings */ = {
			isa = PBXVariantGroup;
			children = (
				71DEBF1D1924955A0032F31F /* en */,
			);
			name = InfoPlist.strings;
			sourceTree = "<group>";
		};
		71DEBF351924955A0032F31F /* InfoPlist.strings */ = {
			isa = PBXVariantGroup;
			children = (
				71DEBF361924955A0032F31F /* en */,
			);
			name = InfoPlist.strings;
			sourceTree = "<group>";
		};
/* End PBXVariantGroup section */

/* Begin XCBuildConfiguration section */
		71DEBF3A1924955A0032F31F /* Debug */ = {
			isa = XCBuildConfiguration;
			buildSettings = {
				ALWAYS_SEARCH_USER_PATHS = NO;
				CLANG_CXX_LANGUAGE_STANDARD = "gnu++0x";
				CLANG_CXX_LIBRARY = "libc++";
				CLANG_ENABLE_MODULES = YES;
				CLANG_ENABLE_OBJC_ARC = YES;
				CLANG_WARN_BOOL_CONVERSION = YES;
				CLANG_WARN_CONSTANT_CONVERSION = YES;
				CLANG_WARN_DIRECT_OBJC_ISA_USAGE = YES_ERROR;
				CLANG_WARN_EMPTY_BODY = YES;
				CLANG_WARN_ENUM_CONVERSION = YES;
				CLANG_WARN_INT_CONVERSION = YES;
				CLANG_WARN_OBJC_ROOT_CLASS = YES_ERROR;
				CLANG_WARN__DUPLICATE_METHOD_MATCH = YES;
				"CODE_SIGN_IDENTITY[sdk=iphoneos*]" = "iPhone Developer";
				COPY_PHASE_STRIP = NO;
				GCC_C_LANGUAGE_STANDARD = gnu99;
				GCC_DYNAMIC_NO_PIC = NO;
				GCC_OPTIMIZATION_LEVEL = 0;
				GCC_PREPROCESSOR_DEFINITIONS = (
					"DEBUG=1",
					"$(inherited)",
				);
				GCC_SYMBOLS_PRIVATE_EXTERN = NO;
				GCC_WARN_64_TO_32_BIT_CONVERSION = YES;
				GCC_WARN_ABOUT_RETURN_TYPE = YES_ERROR;
				GCC_WARN_UNDECLARED_SELECTOR = YES;
				GCC_WARN_UNINITIALIZED_AUTOS = YES_AGGRESSIVE;
				GCC_WARN_UNUSED_FUNCTION = YES;
				GCC_WARN_UNUSED_VARIABLE = YES;
				IPHONEOS_DEPLOYMENT_TARGET = 7.1;
				ONLY_ACTIVE_ARCH = YES;
				SDKROOT = iphoneos;
			};
			name = Debug;
		};
		71DEBF3B1924955A0032F31F /* Release */ = {
			isa = XCBuildConfiguration;
			buildSettings = {
				ALWAYS_SEARCH_USER_PATHS = NO;
				CLANG_CXX_LANGUAGE_STANDARD = "gnu++0x";
				CLANG_CXX_LIBRARY = "libc++";
				CLANG_ENABLE_MODULES = YES;
				CLANG_ENABLE_OBJC_ARC = YES;
				CLANG_WARN_BOOL_CONVERSION = YES;
				CLANG_WARN_CONSTANT_CONVERSION = YES;
				CLANG_WARN_DIRECT_OBJC_ISA_USAGE = YES_ERROR;
				CLANG_WARN_EMPTY_BODY = YES;
				CLANG_WARN_ENUM_CONVERSION = YES;
				CLANG_WARN_INT_CONVERSION = YES;
				CLANG_WARN_OBJC_ROOT_CLASS = YES_ERROR;
				CLANG_WARN__DUPLICATE_METHOD_MATCH = YES;
				"CODE_SIGN_IDENTITY[sdk=iphoneos*]" = "iPhone Developer";
				COPY_PHASE_STRIP = YES;
				ENABLE_NS_ASSERTIONS = NO;
				GCC_C_LANGUAGE_STANDARD = gnu99;
				GCC_WARN_64_TO_32_BIT_CONVERSION = YES;
				GCC_WARN_ABOUT_RETURN_TYPE = YES_ERROR;
				GCC_WARN_UNDECLARED_SELECTOR = YES;
				GCC_WARN_UNINITIALIZED_AUTOS = YES_AGGRESSIVE;
				GCC_WARN_UNUSED_FUNCTION = YES;
				GCC_WARN_UNUSED_VARIABLE = YES;
				IPHONEOS_DEPLOYMENT_TARGET = 7.1;
				SDKROOT = iphoneos;
				VALIDATE_PRODUCT = YES;
			};
			name = Release;
		};
		71DEBF3D1924955A0032F31F /* Debug */ = {
			isa = XCBuildConfiguration;
			buildSettings = {
				ASSETCATALOG_COMPILER_APPICON_NAME = AppIcon;
				ASSETCATALOG_COMPILER_LAUNCHIMAGE_NAME = LaunchImage;
				GCC_PRECOMPILE_PREFIX_HEADER = YES;
				GCC_PREFIX_HEADER = "Score Keeper/Score Keeper-Prefix.pch";
				INFOPLIST_FILE = "Score Keeper/Score Keeper-Info.plist";
				PRODUCT_NAME = "$(TARGET_NAME)";
				WRAPPER_EXTENSION = app;
			};
			name = Debug;
		};
		71DEBF3E1924955A0032F31F /* Release */ = {
			isa = XCBuildConfiguration;
			buildSettings = {
				ASSETCATALOG_COMPILER_APPICON_NAME = AppIcon;
				ASSETCATALOG_COMPILER_LAUNCHIMAGE_NAME = LaunchImage;
				GCC_PRECOMPILE_PREFIX_HEADER = YES;
				GCC_PREFIX_HEADER = "Score Keeper/Score Keeper-Prefix.pch";
				INFOPLIST_FILE = "Score Keeper/Score Keeper-Info.plist";
				PRODUCT_NAME = "$(TARGET_NAME)";
				WRAPPER_EXTENSION = app;
			};
			name = Release;
		};
		71DEBF401924955A0032F31F /* Debug */ = {
			isa = XCBuildConfiguration;
			buildSettings = {
				BUNDLE_LOADER = "$(BUILT_PRODUCTS_DIR)/Score Keeper.app/Score Keeper";
				FRAMEWORK_SEARCH_PATHS = (
					"$(SDKROOT)/Developer/Library/Frameworks",
					"$(inherited)",
					"$(DEVELOPER_FRAMEWORKS_DIR)",
				);
				GCC_PRECOMPILE_PREFIX_HEADER = YES;
				GCC_PREFIX_HEADER = "Score Keeper/Score Keeper-Prefix.pch";
				GCC_PREPROCESSOR_DEFINITIONS = (
					"DEBUG=1",
					"$(inherited)",
				);
				INFOPLIST_FILE = "Score KeeperTests/Score KeeperTests-Info.plist";
				PRODUCT_NAME = "$(TARGET_NAME)";
				TEST_HOST = "$(BUNDLE_LOADER)";
				WRAPPER_EXTENSION = xctest;
			};
			name = Debug;
		};
		71DEBF411924955A0032F31F /* Release */ = {
			isa = XCBuildConfiguration;
			buildSettings = {
				BUNDLE_LOADER = "$(BUILT_PRODUCTS_DIR)/Score Keeper.app/Score Keeper";
				FRAMEWORK_SEARCH_PATHS = (
					"$(SDKROOT)/Developer/Library/Frameworks",
					"$(inherited)",
					"$(DEVELOPER_FRAMEWORKS_DIR)",
				);
				GCC_PRECOMPILE_PREFIX_HEADER = YES;
				GCC_PREFIX_HEADER = "Score Keeper/Score Keeper-Prefix.pch";
				INFOPLIST_FILE = "Score KeeperTests/Score KeeperTests-Info.plist";
				PRODUCT_NAME = "$(TARGET_NAME)";
				TEST_HOST = "$(BUNDLE_LOADER)";
				WRAPPER_EXTENSION = xctest;
			};
			name = Release;
		};
/* End XCBuildConfiguration section */

/* Begin XCConfigurationList section */
		71DEBF0B1924955A0032F31F /* Build configuration list for PBXProject "Score Keeper" */ = {
			isa = XCConfigurationList;
			buildConfigurations = (
				71DEBF3A1924955A0032F31F /* Debug */,
				71DEBF3B1924955A0032F31F /* Release */,
			);
			defaultConfigurationIsVisible = 0;
			defaultConfigurationName = Release;
		};
		71DEBF3C1924955A0032F31F /* Build configuration list for PBXNativeTarget "Score Keeper" */ = {
			isa = XCConfigurationList;
			buildConfigurations = (
				71DEBF3D1924955A0032F31F /* Debug */,
				71DEBF3E1924955A0032F31F /* Release */,
			);
			defaultConfigurationIsVisible = 0;
		};
		71DEBF3F1924955A0032F31F /* Build configuration list for PBXNativeTarget "Score KeeperTests" */ = {
			isa = XCConfigurationList;
			buildConfigurations = (
				71DEBF401924955A0032F31F /* Debug */,
				71DEBF411924955A0032F31F /* Release */,
			);
			defaultConfigurationIsVisible = 0;
		};
/* End XCConfigurationList section */
	};
	rootObject = 71DEBF081924955A0032F31F /* Project object */;
}
